// !$*UTF8*$!
{
	archiveVersion = 1;
	classes = {
	};
	objectVersion = 48;
	objects = {

/* Begin PBXBuildFile section */
		6B38FFB51FC9163C00B21713 /* MainViewController.swift in Sources */ = {isa = PBXBuildFile; fileRef = 6B38FFB41FC9163C00B21713 /* MainViewController.swift */; };
		6B6FD4D11FCCA4860097393C /* CurrencyTextField.swift in Sources */ = {isa = PBXBuildFile; fileRef = 6B6FD4D01FCCA4860097393C /* CurrencyTextField.swift */; };
		6B6FD4D91FCCBA250097393C /* Window_ShopperTests.swift in Sources */ = {isa = PBXBuildFile; fileRef = 6B6FD4D81FCCBA250097393C /* Window_ShopperTests.swift */; };
		6B6FD4E11FCCBA530097393C /* Wage.swift in Sources */ = {isa = PBXBuildFile; fileRef = 6B6FD4E01FCCBA530097393C /* Wage.swift */; };
		6B6FD4E21FCCBBCB0097393C /* Wage.swift in Sources */ = {isa = PBXBuildFile; fileRef = 6B6FD4E01FCCBA530097393C /* Wage.swift */; };
		6BBE5FFC1FC91517008B0176 /* AppDelegate.swift in Sources */ = {isa = PBXBuildFile; fileRef = 6BBE5FFB1FC91517008B0176 /* AppDelegate.swift */; };
		6BBE60011FC91517008B0176 /* Main.storyboard in Resources */ = {isa = PBXBuildFile; fileRef = 6BBE5FFF1FC91517008B0176 /* Main.storyboard */; };
		6BBE60031FC91517008B0176 /* Assets.xcassets in Resources */ = {isa = PBXBuildFile; fileRef = 6BBE60021FC91517008B0176 /* Assets.xcassets */; };
		6BBE60061FC91517008B0176 /* LaunchScreen.storyboard in Resources */ = {isa = PBXBuildFile; fileRef = 6BBE60041FC91517008B0176 /* LaunchScreen.storyboard */; };
/* End PBXBuildFile section */

/* Begin PBXContainerItemProxy section */
		6B6FD4DB1FCCBA250097393C /* PBXContainerItemProxy */ = {
			isa = PBXContainerItemProxy;
			containerPortal = 6BBE5FF01FC91517008B0176 /* Project object */;
			proxyType = 1;
			remoteGlobalIDString = 6BBE5FF71FC91517008B0176;
			remoteInfo = "Window-Shopper";
		};
/* End PBXContainerItemProxy section */

/* Begin PBXFileReference section */
		6B38FFB41FC9163C00B21713 /* MainViewController.swift */ = {isa = PBXFileReference; lastKnownFileType = sourcecode.swift; path = MainViewController.swift; sourceTree = "<group>"; };
		6B6FD4D01FCCA4860097393C /* CurrencyTextField.swift */ = {isa = PBXFileReference; lastKnownFileType = sourcecode.swift; path = CurrencyTextField.swift; sourceTree = "<group>"; };
		6B6FD4D61FCCBA250097393C /* Window-ShopperTests.xctest */ = {isa = PBXFileReference; explicitFileType = wrapper.cfbundle; includeInIndex = 0; path = "Window-ShopperTests.xctest"; sourceTree = BUILT_PRODUCTS_DIR; };
		6B6FD4D81FCCBA250097393C /* Window_ShopperTests.swift */ = {isa = PBXFileReference; lastKnownFileType = sourcecode.swift; path = Window_ShopperTests.swift; sourceTree = "<group>"; };
		6B6FD4DA1FCCBA250097393C /* Info.plist */ = {isa = PBXFileReference; lastKnownFileType = text.plist.xml; path = Info.plist; sourceTree = "<group>"; };
		6B6FD4E01FCCBA530097393C /* Wage.swift */ = {isa = PBXFileReference; lastKnownFileType = sourcecode.swift; path = Wage.swift; sourceTree = "<group>"; };
		6BBE5FF81FC91517008B0176 /* Window-Shopper.app */ = {isa = PBXFileReference; explicitFileType = wrapper.application; includeInIndex = 0; path = "Window-Shopper.app"; sourceTree = BUILT_PRODUCTS_DIR; };
		6BBE5FFB1FC91517008B0176 /* AppDelegate.swift */ = {isa = PBXFileReference; lastKnownFileType = sourcecode.swift; path = AppDelegate.swift; sourceTree = "<group>"; };
		6BBE60001FC91517008B0176 /* Base */ = {isa = PBXFileReference; lastKnownFileType = file.storyboard; name = Base; path = Base.lproj/Main.storyboard; sourceTree = "<group>"; };
		6BBE60021FC91517008B0176 /* Assets.xcassets */ = {isa = PBXFileReference; lastKnownFileType = folder.assetcatalog; path = Assets.xcassets; sourceTree = "<group>"; };
		6BBE60051FC91517008B0176 /* Base */ = {isa = PBXFileReference; lastKnownFileType = file.storyboard; name = Base; path = Base.lproj/LaunchScreen.storyboard; sourceTree = "<group>"; };
		6BBE60071FC91517008B0176 /* Info.plist */ = {isa = PBXFileReference; lastKnownFileType = text.plist.xml; path = Info.plist; sourceTree = "<group>"; };
/* End PBXFileReference section */

/* Begin PBXFrameworksBuildPhase section */
		6B6FD4D31FCCBA250097393C /* Frameworks */ = {
			isa = PBXFrameworksBuildPhase;
			buildActionMask = 2147483647;
			files = (
			);
			runOnlyForDeploymentPostprocessing = 0;
		};
		6BBE5FF51FC91517008B0176 /* Frameworks */ = {
			isa = PBXFrameworksBuildPhase;
			buildActionMask = 2147483647;
			files = (
			);
			runOnlyForDeploymentPostprocessing = 0;
		};
/* End PBXFrameworksBuildPhase section */

/* Begin PBXGroup section */
		6B38FFB11FC9160000B21713 /* ViewControllers */ = {
			isa = PBXGroup;
			children = (
				6B38FFB41FC9163C00B21713 /* MainViewController.swift */,
			);
			path = ViewControllers;
			sourceTree = "<group>";
		};
		6B38FFB21FC9160C00B21713 /* Models */ = {
			isa = PBXGroup;
			children = (
				6B6FD4E01FCCBA530097393C /* Wage.swift */,
			);
			path = Models;
			sourceTree = "<group>";
		};
		6B38FFB31FC9161000B21713 /* ModelControllers */ = {
			isa = PBXGroup;
			children = (
			);
			path = ModelControllers;
			sourceTree = "<group>";
		};
		6B6FD4CD1FCCA41A0097393C /* Views */ = {
			isa = PBXGroup;
			children = (
				6B6FD4D01FCCA4860097393C /* CurrencyTextField.swift */,
			);
			path = Views;
			sourceTree = "<group>";
		};
		6B6FD4D71FCCBA250097393C /* Window-ShopperTests */ = {
			isa = PBXGroup;
			children = (
				6B6FD4D81FCCBA250097393C /* Window_ShopperTests.swift */,
				6B6FD4DA1FCCBA250097393C /* Info.plist */,
			);
			path = "Window-ShopperTests";
			sourceTree = "<group>";
		};
		6BBE5FEF1FC91517008B0176 = {
			isa = PBXGroup;
			children = (
				6BBE5FFA1FC91517008B0176 /* Window-Shopper */,
				6B6FD4D71FCCBA250097393C /* Window-ShopperTests */,
				6BBE5FF91FC91517008B0176 /* Products */,
			);
			sourceTree = "<group>";
		};
		6BBE5FF91FC91517008B0176 /* Products */ = {
			isa = PBXGroup;
			children = (
				6BBE5FF81FC91517008B0176 /* Window-Shopper.app */,
				6B6FD4D61FCCBA250097393C /* Window-ShopperTests.xctest */,
			);
			name = Products;
			sourceTree = "<group>";
		};
		6BBE5FFA1FC91517008B0176 /* Window-Shopper */ = {
			isa = PBXGroup;
			children = (
				6BBE5FFB1FC91517008B0176 /* AppDelegate.swift */,
				6B6FD4CD1FCCA41A0097393C /* Views */,
				6B38FFB31FC9161000B21713 /* ModelControllers */,
				6B38FFB21FC9160C00B21713 /* Models */,
				6B38FFB11FC9160000B21713 /* ViewControllers */,
				6BBE600D1FC9155E008B0176 /* Resources */,
			);
			path = "Window-Shopper";
			sourceTree = "<group>";
		};
		6BBE600D1FC9155E008B0176 /* Resources */ = {
			isa = PBXGroup;
			children = (
				6BBE600E1FC91566008B0176 /* Storyboards */,
				6BBE60021FC91517008B0176 /* Assets.xcassets */,
				6BBE60041FC91517008B0176 /* LaunchScreen.storyboard */,
				6BBE60071FC91517008B0176 /* Info.plist */,
			);
			path = Resources;
			sourceTree = "<group>";
		};
		6BBE600E1FC91566008B0176 /* Storyboards */ = {
			isa = PBXGroup;
			children = (
				6BBE5FFF1FC91517008B0176 /* Main.storyboard */,
			);
			path = Storyboards;
			sourceTree = "<group>";
		};
/* End PBXGroup section */

/* Begin PBXNativeTarget section */
		6B6FD4D51FCCBA250097393C /* Window-ShopperTests */ = {
			isa = PBXNativeTarget;
			buildConfigurationList = 6B6FD4DF1FCCBA250097393C /* Build configuration list for PBXNativeTarget "Window-ShopperTests" */;
			buildPhases = (
				6B6FD4D21FCCBA250097393C /* Sources */,
				6B6FD4D31FCCBA250097393C /* Frameworks */,
				6B6FD4D41FCCBA250097393C /* Resources */,
			);
			buildRules = (
			);
			dependencies = (
				6B6FD4DC1FCCBA250097393C /* PBXTargetDependency */,
			);
			name = "Window-ShopperTests";
			productName = "Window-ShopperTests";
			productReference = 6B6FD4D61FCCBA250097393C /* Window-ShopperTests.xctest */;
			productType = "com.apple.product-type.bundle.unit-test";
		};
		6BBE5FF71FC91517008B0176 /* Window-Shopper */ = {
			isa = PBXNativeTarget;
			buildConfigurationList = 6BBE600A1FC91517008B0176 /* Build configuration list for PBXNativeTarget "Window-Shopper" */;
			buildPhases = (
				6BBE5FF41FC91517008B0176 /* Sources */,
				6BBE5FF51FC91517008B0176 /* Frameworks */,
				6BBE5FF61FC91517008B0176 /* Resources */,
			);
			buildRules = (
			);
			dependencies = (
			);
			name = "Window-Shopper";
			productName = "Window-Shopper";
			productReference = 6BBE5FF81FC91517008B0176 /* Window-Shopper.app */;
			productType = "com.apple.product-type.application";
		};
/* End PBXNativeTarget section */

/* Begin PBXProject section */
		6BBE5FF01FC91517008B0176 /* Project object */ = {
			isa = PBXProject;
			attributes = {
				LastSwiftUpdateCheck = 0910;
				LastUpgradeCheck = 0910;
				ORGANIZATIONNAME = "Bradley Gilmore";
				TargetAttributes = {
					6B6FD4D51FCCBA250097393C = {
						CreatedOnToolsVersion = 9.1;
						ProvisioningStyle = Automatic;
						TestTargetID = 6BBE5FF71FC91517008B0176;
					};
					6BBE5FF71FC91517008B0176 = {
						CreatedOnToolsVersion = 9.1;
						ProvisioningStyle = Automatic;
					};
				};
			};
			buildConfigurationList = 6BBE5FF31FC91517008B0176 /* Build configuration list for PBXProject "Window-Shopper" */;
			compatibilityVersion = "Xcode 8.0";
			developmentRegion = en;
			hasScannedForEncodings = 0;
			knownRegions = (
				en,
				Base,
			);
			mainGroup = 6BBE5FEF1FC91517008B0176;
			productRefGroup = 6BBE5FF91FC91517008B0176 /* Products */;
			projectDirPath = "";
			projectRoot = "";
			targets = (
				6BBE5FF71FC91517008B0176 /* Window-Shopper */,
				6B6FD4D51FCCBA250097393C /* Window-ShopperTests */,
			);
		};
/* End PBXProject section */

/* Begin PBXResourcesBuildPhase section */
		6B6FD4D41FCCBA250097393C /* Resources */ = {
			isa = PBXResourcesBuildPhase;
			buildActionMask = 2147483647;
			files = (
			);
			runOnlyForDeploymentPostprocessing = 0;
		};
		6BBE5FF61FC91517008B0176 /* Resources */ = {
			isa = PBXResourcesBuildPhase;
			buildActionMask = 2147483647;
			files = (
				6BBE60061FC91517008B0176 /* LaunchScreen.storyboard in Resources */,
				6BBE60031FC91517008B0176 /* Assets.xcassets in Resources */,
				6BBE60011FC91517008B0176 /* Main.storyboard in Resources */,
			);
			runOnlyForDeploymentPostprocessing = 0;
		};
/* End PBXResourcesBuildPhase section */

/* Begin PBXSourcesBuildPhase section */
		6B6FD4D21FCCBA250097393C /* Sources */ = {
			isa = PBXSourcesBuildPhase;
			buildActionMask = 2147483647;
			files = (
				6B6FD4D91FCCBA250097393C /* Window_ShopperTests.swift in Sources */,
				6B6FD4E21FCCBBCB0097393C /* Wage.swift in Sources */,
			);
			runOnlyForDeploymentPostprocessing = 0;
		};
		6BBE5FF41FC91517008B0176 /* Sources */ = {
			isa = PBXSourcesBuildPhase;
			buildActionMask = 2147483647;
			files = (
				6B6FD4D11FCCA4860097393C /* CurrencyTextField.swift in Sources */,
				6B6FD4E11FCCBA530097393C /* Wage.swift in Sources */,
				6BBE5FFC1FC91517008B0176 /* AppDelegate.swift in Sources */,
				6B38FFB51FC9163C00B21713 /* MainViewController.swift in Sources */,
			);
			runOnlyForDeploymentPostprocessing = 0;
		};
/* End PBXSourcesBuildPhase section */

/* Begin PBXTargetDependency section */
		6B6FD4DC1FCCBA250097393C /* PBXTargetDependency */ = {
			isa = PBXTargetDependency;
			target = 6BBE5FF71FC91517008B0176 /* Window-Shopper */;
			targetProxy = 6B6FD4DB1FCCBA250097393C /* PBXContainerItemProxy */;
		};
/* End PBXTargetDependency section */

/* Begin PBXVariantGroup section */
		6BBE5FFF1FC91517008B0176 /* Main.storyboard */ = {
			isa = PBXVariantGroup;
			children = (
				6BBE60001FC91517008B0176 /* Base */,
			);
			name = Main.storyboard;
			sourceTree = "<group>";
		};
		6BBE60041FC91517008B0176 /* LaunchScreen.storyboard */ = {
			isa = PBXVariantGroup;
			children = (
				6BBE60051FC91517008B0176 /* Base */,
			);
			name = LaunchScreen.storyboard;
			sourceTree = "<group>";
		};
/* End PBXVariantGroup section */

/* Begin XCBuildConfiguration section */
		6B6FD4DD1FCCBA250097393C /* Debug */ = {
			isa = XCBuildConfiguration;
			buildSettings = {
				BUNDLE_LOADER = "$(TEST_HOST)";
				CODE_SIGN_STYLE = Automatic;
				DEVELOPMENT_TEAM = N8EMAYLL43;
				INFOPLIST_FILE = "Window-ShopperTests/Info.plist";
				LD_RUNPATH_SEARCH_PATHS = "$(inherited) @executable_path/Frameworks @loader_path/Frameworks";
				PRODUCT_BUNDLE_IDENTIFIER = "com.bradleygilmore.Window-ShopperTests";
				PRODUCT_NAME = "$(TARGET_NAME)";
				SWIFT_VERSION = 4.0;
				TARGETED_DEVICE_FAMILY = "1,2";
				TEST_HOST = "$(BUILT_PRODUCTS_DIR)/Window-Shopper.app/Window-Shopper";
			};
			name = Debug;
		};
		6B6FD4DE1FCCBA250097393C /* Release */ = {
			isa = XCBuildConfiguration;
			buildSettings = {
				BUNDLE_LOADER = "$(TEST_HOST)";
				CODE_SIGN_STYLE = Automatic;
				DEVELOPMENT_TEAM = N8EMAYLL43;
				INFOPLIST_FILE = "Window-ShopperTests/Info.plist";
				LD_RUNPATH_SEARCH_PATHS = "$(inherited) @executable_path/Frameworks @loader_path/Frameworks";
				PRODUCT_BUNDLE_IDENTIFIER = "com.bradleygilmore.Window-ShopperTests";
				PRODUCT_NAME = "$(TARGET_NAME)";
				SWIFT_VERSION = 4.0;
				TARGETED_DEVICE_FAMILY = "1,2";
				TEST_HOST = "$(BUILT_PRODUCTS_DIR)/Window-Shopper.app/Window-Shopper";
			};
			name = Release;
		};
		6BBE60081FC91517008B0176 /* Debug */ = {
			isa = XCBuildConfiguration;
			buildSettings = {
				ALWAYS_SEARCH_USER_PATHS = NO;
				CLANG_ANALYZER_NONNULL = YES;
				CLANG_ANALYZER_NUMBER_OBJECT_CONVERSION = YES_AGGRESSIVE;
				CLANG_CXX_LANGUAGE_STANDARD = "gnu++14";
				CLANG_CXX_LIBRARY = "libc++";
				CLANG_ENABLE_MODULES = YES;
				CLANG_ENABLE_OBJC_ARC = YES;
				CLANG_WARN_BLOCK_CAPTURE_AUTORELEASING = YES;
				CLANG_WARN_BOOL_CONVERSION = YES;
				CLANG_WARN_COMMA = YES;
				CLANG_WARN_CONSTANT_CONVERSION = YES;
				CLANG_WARN_DIRECT_OBJC_ISA_USAGE = YES_ERROR;
				CLANG_WARN_DOCUMENTATION_COMMENTS = YES;
				CLANG_WARN_EMPTY_BODY = YES;
				CLANG_WARN_ENUM_CONVERSION = YES;
				CLANG_WARN_INFINITE_RECURSION = YES;
				CLANG_WARN_INT_CONVERSION = YES;
				CLANG_WARN_NON_LITERAL_NULL_CONVERSION = YES;
				CLANG_WARN_OBJC_LITERAL_CONVERSION = YES;
				CLANG_WARN_OBJC_ROOT_CLASS = YES_ERROR;
				CLANG_WARN_RANGE_LOOP_ANALYSIS = YES;
				CLANG_WARN_STRICT_PROTOTYPES = YES;
				CLANG_WARN_SUSPICIOUS_MOVE = YES;
				CLANG_WARN_UNGUARDED_AVAILABILITY = YES_AGGRESSIVE;
				CLANG_WARN_UNREACHABLE_CODE = YES;
				CLANG_WARN__DUPLICATE_METHOD_MATCH = YES;
				CODE_SIGN_IDENTITY = "iPhone Developer";
				COPY_PHASE_STRIP = NO;
				DEBUG_INFORMATION_FORMAT = dwarf;
				ENABLE_STRICT_OBJC_MSGSEND = YES;
				ENABLE_TESTABILITY = YES;
				GCC_C_LANGUAGE_STANDARD = gnu11;
				GCC_DYNAMIC_NO_PIC = NO;
				GCC_NO_COMMON_BLOCKS = YES;
				GCC_OPTIMIZATION_LEVEL = 0;
				GCC_PREPROCESSOR_DEFINITIONS = (
					"DEBUG=1",
					"$(inherited)",
				);
				GCC_WARN_64_TO_32_BIT_CONVERSION = YES;
				GCC_WARN_ABOUT_RETURN_TYPE = YES_ERROR;
				GCC_WARN_UNDECLARED_SELECTOR = YES;
				GCC_WARN_UNINITIALIZED_AUTOS = YES_AGGRESSIVE;
				GCC_WARN_UNUSED_FUNCTION = YES;
				GCC_WARN_UNUSED_VARIABLE = YES;
				IPHONEOS_DEPLOYMENT_TARGET = 11.1;
				MTL_ENABLE_DEBUG_INFO = YES;
				ONLY_ACTIVE_ARCH = YES;
				SDKROOT = iphoneos;
				SWIFT_ACTIVE_COMPILATION_CONDITIONS = DEBUG;
				SWIFT_OPTIMIZATION_LEVEL = "-Onone";
			};
			name = Debug;
		};
		6BBE60091FC91517008B0176 /* Release */ = {
			isa = XCBuildConfiguration;
			buildSettings = {
				ALWAYS_SEARCH_USER_PATHS = NO;
				CLANG_ANALYZER_NONNULL = YES;
				CLANG_ANALYZER_NUMBER_OBJECT_CONVERSION = YES_AGGRESSIVE;
				CLANG_CXX_LANGUAGE_STANDARD = "gnu++14";
				CLANG_CXX_LIBRARY = "libc++";
				CLANG_ENABLE_MODULES = YES;
				CLANG_ENABLE_OBJC_ARC = YES;
				CLANG_WARN_BLOCK_CAPTURE_AUTORELEASING = YES;
				CLANG_WARN_BOOL_CONVERSION = YES;
				CLANG_WARN_COMMA = YES;
				CLANG_WARN_CONSTANT_CONVERSION = YES;
				CLANG_WARN_DIRECT_OBJC_ISA_USAGE = YES_ERROR;
				CLANG_WARN_DOCUMENTATION_COMMENTS = YES;
				CLANG_WARN_EMPTY_BODY = YES;
				CLANG_WARN_ENUM_CONVERSION = YES;
				CLANG_WARN_INFINITE_RECURSION = YES;
				CLANG_WARN_INT_CONVERSION = YES;
				CLANG_WARN_NON_LITERAL_NULL_CONVERSION = YES;
				CLANG_WARN_OBJC_LITERAL_CONVERSION = YES;
				CLANG_WARN_OBJC_ROOT_CLASS = YES_ERROR;
				CLANG_WARN_RANGE_LOOP_ANALYSIS = YES;
				CLANG_WARN_STRICT_PROTOTYPES = YES;
				CLANG_WARN_SUSPICIOUS_MOVE = YES;
				CLANG_WARN_UNGUARDED_AVAILABILITY = YES_AGGRESSIVE;
				CLANG_WARN_UNREACHABLE_CODE = YES;
				CLANG_WARN__DUPLICATE_METHOD_MATCH = YES;
				CODE_SIGN_IDENTITY = "iPhone Developer";
				COPY_PHASE_STRIP = NO;
				DEBUG_INFORMATION_FORMAT = "dwarf-with-dsym";
				ENABLE_NS_ASSERTIONS = NO;
				ENABLE_STRICT_OBJC_MSGSEND = YES;
				GCC_C_LANGUAGE_STANDARD = gnu11;
				GCC_NO_COMMON_BLOCKS = YES;
				GCC_WARN_64_TO_32_BIT_CONVERSION = YES;
				GCC_WARN_ABOUT_RETURN_TYPE = YES_ERROR;
				GCC_WARN_UNDECLARED_SELECTOR = YES;
				GCC_WARN_UNINITIALIZED_AUTOS = YES_AGGRESSIVE;
				GCC_WARN_UNUSED_FUNCTION = YES;
				GCC_WARN_UNUSED_VARIABLE = YES;
				IPHONEOS_DEPLOYMENT_TARGET = 11.1;
				MTL_ENABLE_DEBUG_INFO = NO;
				SDKROOT = iphoneos;
				SWIFT_OPTIMIZATION_LEVEL = "-Owholemodule";
				VALIDATE_PRODUCT = YES;
			};
			name = Release;
		};
		6BBE600B1FC91517008B0176 /* Debug */ = {
			isa = XCBuildConfiguration;
			buildSettings = {
				ASSETCATALOG_COMPILER_APPICON_NAME = AppIcon;
				CODE_SIGN_STYLE = Automatic;
				DEVELOPMENT_TEAM = N8EMAYLL43;
				INFOPLIST_FILE = "$(SRCROOT)/Window-Shopper/Resources/Info.plist";
				LD_RUNPATH_SEARCH_PATHS = "$(inherited) @executable_path/Frameworks";
				PRODUCT_BUNDLE_IDENTIFIER = "com.bradleygilmore.Window-Shopper";
				PRODUCT_NAME = "$(TARGET_NAME)";
				SWIFT_VERSION = 4.0;
				TARGETED_DEVICE_FAMILY = "1,2";
			};
			name = Debug;
		};
		6BBE600C1FC91517008B0176 /* Release */ = {
			isa = XCBuildConfiguration;
			buildSettings = {
				ASSETCATALOG_COMPILER_APPICON_NAME = AppIcon;
				CODE_SIGN_STYLE = Automatic;
				DEVELOPMENT_TEAM = N8EMAYLL43;
				INFOPLIST_FILE = "$(SRCROOT)/Window-Shopper/Resources/Info.plist";
				LD_RUNPATH_SEARCH_PATHS = "$(inherited) @executable_path/Frameworks";
				PRODUCT_BUNDLE_IDENTIFIER = "com.bradleygilmore.Window-Shopper";
				PRODUCT_NAME = "$(TARGET_NAME)";
				SWIFT_VERSION = 4.0;
				TARGETED_DEVICE_FAMILY = "1,2";
			};
			name = Release;
		};
/* End XCBuildConfiguration section */

/* Begin XCConfigurationList section */
		6B6FD4DF1FCCBA250097393C /* Build configuration list for PBXNativeTarget "Window-ShopperTests" */ = {
			isa = XCConfigurationList;
			buildConfigurations = (
				6B6FD4DD1FCCBA250097393C /* Debug */,
				6B6FD4DE1FCCBA250097393C /* Release */,
			);
			defaultConfigurationIsVisible = 0;
			defaultConfigurationName = Release;
		};
		6BBE5FF31FC91517008B0176 /* Build configuration list for PBXProject "Window-Shopper" */ = {
			isa = XCConfigurationList;
			buildConfigurations = (
				6BBE60081FC91517008B0176 /* Debug */,
				6BBE60091FC91517008B0176 /* Release */,
			);
			defaultConfigurationIsVisible = 0;
			defaultConfigurationName = Release;
		};
		6BBE600A1FC91517008B0176 /* Build configuration list for PBXNativeTarget "Window-Shopper" */ = {
			isa = XCConfigurationList;
			buildConfigurations = (
				6BBE600B1FC91517008B0176 /* Debug */,
				6BBE600C1FC91517008B0176 /* Release */,
			);
			defaultConfigurationIsVisible = 0;
			defaultConfigurationName = Release;
		};
/* End XCConfigurationList section */
	};
	rootObject = 6BBE5FF01FC91517008B0176 /* Project object */;
}
